
Microsoft Visual Studio Solution File, Format Version 12.00
# Visual Studio Version 17
VisualStudioVersion = 17.14.36518.9 d17.14
MinimumVisualStudioVersion = 10.0.40219.1
Project("{FAE04EC0-301F-11D3-BF4B-00C04F79EFBC}") = "DT07_CuaHangQuanAo", "DT07_CuaHangQuanAo\DT07_CuaHangQuanAo.csproj", "{EAF2EF16-B4B2-4593-84C5-E5CEC43031A2}"
EndProject
Project("{2150E333-8FDC-42A3-9474-1A3956D46DE8}") = "Solution Items", "Solution Items", "{8EC462FD-D22E-90A8-E5CE-7E832BA40C5D}"
	ProjectSection(SolutionItems) = preProject
		.gitignore = .gitignore
	EndProjectSection
EndProject
Global
	GlobalSection(SolutionConfigurationPlatforms) = preSolution
		Debug|Any CPU = Debug|Any CPU
		Release|Any CPU = Release|Any CPU
	EndGlobalSection
	GlobalSection(ProjectConfigurationPlatforms) = postSolution
		{EAF2EF16-B4B2-4593-84C5-E5CEC43031A2}.Debug|Any CPU.ActiveCfg = Debug|Any CPU
		{EAF2EF16-B4B2-4593-84C5-E5CEC43031A2}.Debug|Any CPU.Build.0 = Debug|Any CPU
		{EAF2EF16-B4B2-4593-84C5-E5CEC43031A2}.Release|Any CPU.ActiveCfg = Release|Any CPU
		{EAF2EF16-B4B2-4593-84C5-E5CEC43031A2}.Release|Any CPU.Build.0 = Release|Any CPU
	EndGlobalSection
	GlobalSection(SolutionProperties) = preSolution
		HideSolutionNode = FALSE
	EndGlobalSection
	GlobalSection(ExtensibilityGlobals) = postSolution
		SolutionGuid = {A16B511A-FCE5-490D-BDA4-98DF57A3A954}
	EndGlobalSection
EndGlobal
